{
  "name": "new-years-resolutions",
  "version": "0.0.5",
  "lockfileVersion": 1,
  "requires": true,
  "dependencies": {
    "@angular/common": {
      "version": "2.2.1",
      "resolved": "https://registry.npmjs.org/@angular/common/-/common-2.2.1.tgz",
      "integrity": "sha1-rXmWqGW3sR/DFTY4J/JBSkjGWJw="
    },
    "@angular/compiler": {
      "version": "2.2.1",
      "resolved": "https://registry.npmjs.org/@angular/compiler/-/compiler-2.2.1.tgz",
      "integrity": "sha1-Fuf69YjPkSGg9sFtC64oMPTK/cE="
    },
    "@angular/compiler-cli": {
      "version": "2.2.1",
      "resolved": "https://registry.npmjs.org/@angular/compiler-cli/-/compiler-cli-2.2.1.tgz",
      "integrity": "sha1-FmRpuIHWOUbMPkXEeofSts2QI4Y=",
      "requires": {
        "@angular/tsc-wrapped": "0.3.0",
        "minimist": "1.2.0",
        "reflect-metadata": "0.1.10"
      }
    },
    "@angular/core": {
      "version": "2.2.1",
      "resolved": "https://registry.npmjs.org/@angular/core/-/core-2.2.1.tgz",
      "integrity": "sha1-hv3DSjcKT8/oTtneSzxDVIYSkZw="
    },
    "@angular/forms": {
      "version": "2.2.1",
      "resolved": "https://registry.npmjs.org/@angular/forms/-/forms-2.2.1.tgz",
      "integrity": "sha1-DnFUrMUSfFg7S1LFnqxF1nLCnaQ="
    },
    "@angular/http": {
      "version": "2.2.1",
      "resolved": "https://registry.npmjs.org/@angular/http/-/http-2.2.1.tgz",
      "integrity": "sha1-FiaISmxfDMYCzp2B50IPzALbM1M="
    },
    "@angular/platform-browser": {
      "version": "2.2.1",
      "resolved": "https://registry.npmjs.org/@angular/platform-browser/-/platform-browser-2.2.1.tgz",
      "integrity": "sha1-1Rs2JgCJ8wVOdF760FmTUj1aUpM="
    },
    "@angular/platform-browser-dynamic": {
      "version": "2.2.1",
      "resolved": "https://registry.npmjs.org/@angular/platform-browser-dynamic/-/platform-browser-dynamic-2.2.1.tgz",
      "integrity": "sha1-Vh0ymC/uS2i0dLpHTH88TZS/62w="
    },
    "@angular/platform-server": {
      "version": "2.2.1",
      "resolved": "https://registry.npmjs.org/@angular/platform-server/-/platform-server-2.2.1.tgz",
      "integrity": "sha1-/aesxxE7/FjsnXKgovzGpuXFIms=",
      "requires": {
        "parse5": "2.2.3"
      }
    },
    "@angular/tsc-wrapped": {
      "version": "0.3.0",
      "resolved": "https://registry.npmjs.org/@angular/tsc-wrapped/-/tsc-wrapped-0.3.0.tgz",
      "integrity": "sha1-mM3rXDjRRbGHwK0Dl6jZiyF/M/I=",
      "requires": {
        "tsickle": "0.1.7"
      }
    },
    "@ionic/storage": {
      "version": "1.1.7",
      "resolved": "https://registry.npmjs.org/@ionic/storage/-/storage-1.1.7.tgz",
      "integrity": "sha1-Mys52/+7JfnTUF4hXN4Xq26jrWI=",
      "requires": {
        "@angular/core": "2.2.1",
        "@types/localforage": "0.0.30",
        "localforage": "1.5.3",
        "localforage-cordovasqlitedriver": "1.6.0",
        "rxjs": "5.0.0-beta.12"
      }
    },
    "@types/localforage": {
      "version": "0.0.30",
      "resolved": "https://registry.npmjs.org/@types/localforage/-/localforage-0.0.30.tgz",
      "integrity": "sha1-PWCmv23aOOP4pGlhFZg3nx9klQk="
    },
    "acorn": {
      "version": "1.2.2",
      "resolved": "https://registry.npmjs.org/acorn/-/acorn-1.2.2.tgz",
      "integrity": "sha1-yM4n3grMdtiW0rH6099YjZ6C8BQ="
    },
    "amdefine": {
      "version": "1.0.1",
      "resolved": "https://registry.npmjs.org/amdefine/-/amdefine-1.0.1.tgz",
      "integrity": "sha1-SlKCrBZHKek2Gbz9OtFR+BfOkfU="
    },
    "argparse": {
      "version": "1.0.9",
      "resolved": "https://registry.npmjs.org/argparse/-/argparse-1.0.9.tgz",
      "integrity": "sha1-c9g7wmP4bpf4zE9rrhsOkKfSLIY=",
      "dev": true,
      "requires": {
        "sprintf-js": "1.0.3"
      },
      "dependencies": {
        "sprintf-js": {
          "version": "1.0.3",
          "resolved": "https://registry.npmjs.org/sprintf-js/-/sprintf-js-1.0.3.tgz",
          "integrity": "sha1-BOaSb2YolTVPPdAVIDYzuFcpfiw=",
          "dev": true
        }
      }
    },
    "ast-types": {
      "version": "0.8.15",
      "resolved": "https://registry.npmjs.org/ast-types/-/ast-types-0.8.15.tgz",
      "integrity": "sha1-ju8IJ/BN/w7IhXupJavj/qYZTlI="
    },
    "base62": {
      "version": "0.1.1",
      "resolved": "https://registry.npmjs.org/base62/-/base62-0.1.1.tgz",
      "integrity": "sha1-e0F0wvlESXU7EcJlHAg9qEGnsIQ="
    },
    "core-util-is": {
      "version": "1.0.2",
      "resolved": "https://registry.npmjs.org/core-util-is/-/core-util-is-1.0.2.tgz",
      "integrity": "sha1-tf1UIgqivFq1eqtxQMlAdUUDwac="
    },
    "es3ify": {
      "version": "0.1.4",
      "resolved": "https://registry.npmjs.org/es3ify/-/es3ify-0.1.4.tgz",
      "integrity": "sha1-rZ+l3xrjTz8x4SEbWBiy1RB439E=",
      "requires": {
        "esprima-fb": "3001.1.0-dev-harmony-fb",
        "jstransform": "3.0.0",
        "through": "2.3.8"
      }
    },
    "esmangle-evaluator": {
      "version": "1.0.1",
      "resolved": "https://registry.npmjs.org/esmangle-evaluator/-/esmangle-evaluator-1.0.1.tgz",
      "integrity": "sha1-Yg2GbvSGGzMR91dm1SqFcrs8YzY="
    },
    "esprima-fb": {
      "version": "3001.1.0-dev-harmony-fb",
      "resolved": "https://registry.npmjs.org/esprima-fb/-/esprima-fb-3001.0001.0000-dev-harmony-fb.tgz",
      "integrity": "sha1-t303q8046gt3Qmu4vCkizmtCZBE="
    },
    "falafel": {
      "version": "1.2.0",
      "resolved": "https://registry.npmjs.org/falafel/-/falafel-1.2.0.tgz",
      "integrity": "sha1-wY0k71CRF0pJfzGM0ksCaiXN2rQ=",
      "requires": {
        "acorn": "1.2.2",
        "foreach": "2.0.5",
        "isarray": "0.0.1",
        "object-keys": "1.0.11"
      }
    },
    "foreach": {
      "version": "2.0.5",
      "resolved": "https://registry.npmjs.org/foreach/-/foreach-2.0.5.tgz",
      "integrity": "sha1-C+4AUBiusmDQo6865ljdATbsG5k="
    },
    "immediate": {
      "version": "3.0.6",
      "resolved": "https://registry.npmjs.org/immediate/-/immediate-3.0.6.tgz",
      "integrity": "sha1-nbHb0Pr43m++D13V5Wu2BigN5ps="
    },
    "inherits": {
      "version": "2.0.3",
      "resolved": "https://registry.npmjs.org/inherits/-/inherits-2.0.3.tgz",
      "integrity": "sha1-Yzwsg+PaQqUC9SRmAiSA9CCCYd4="
    },
    "inline-process-browser": {
      "version": "1.0.0",
      "resolved": "https://registry.npmjs.org/inline-process-browser/-/inline-process-browser-1.0.0.tgz",
      "integrity": "sha1-RqYbFT3TybFiSxoAYm7bT39BTyI=",
      "requires": {
        "falafel": "1.2.0",
        "through2": "0.6.5"
      }
    },
    "ionic-angular": {
      "version": "2.0.0-rc.4",
      "resolved": "https://registry.npmjs.org/ionic-angular/-/ionic-angular-2.0.0-rc.4.tgz",
      "integrity": "sha1-AqNTxDN6LxErK7wDy27piGLsR2A="
    },
    "ionic-native": {
      "version": "2.2.11",
      "resolved": "https://registry.npmjs.org/ionic-native/-/ionic-native-2.2.11.tgz",
      "integrity": "sha1-Uj5AMvzizzp1ua6uegYxm4ptGK4=",
      "requires": {
        "rxjs": "5.0.0-beta.12"
      }
    },
    "ionicons": {
      "version": "3.0.0",
      "resolved": "https://registry.npmjs.org/ionicons/-/ionicons-3.0.0.tgz",
      "integrity": "sha1-QLja9P16MRUL0AIWD2ZJbiKpjDw="
    },
    "isarray": {
      "version": "0.0.1",
      "resolved": "https://registry.npmjs.org/isarray/-/isarray-0.0.1.tgz",
      "integrity": "sha1-ihis/Kmo9Bd+Cav8YDiTmwXR7t8="
    },
    "js-yaml": {
      "version": "3.10.0",
      "resolved": "https://registry.npmjs.org/js-yaml/-/js-yaml-3.10.0.tgz",
      "integrity": "sha512-O2v52ffjLa9VeM43J4XocZE//WT9N0IiwDa3KSHH7Tu8CtH+1qM8SIZvnsTh6v+4yFy5KUY3BHUVwjpfAWsjIA==",
      "dev": true,
      "requires": {
        "argparse": "1.0.9",
        "esprima": "4.0.0"
      },
      "dependencies": {
        "esprima": {
          "version": "4.0.0",
          "resolved": "https://registry.npmjs.org/esprima/-/esprima-4.0.0.tgz",
          "integrity": "sha512-oftTcaMu/EGrEIu904mWteKIv8vMuOgGYo7EhVJJN00R/EED9DCua/xxHRdYnKtcECzVg7xOWhflvJMnqcFZjw==",
          "dev": true
        }
      }
    },
    "jstransform": {
      "version": "3.0.0",
      "resolved": "https://registry.npmjs.org/jstransform/-/jstransform-3.0.0.tgz",
      "integrity": "sha1-olkats7o2XvzvoMNv6IxO4fNZAs=",
      "requires": {
        "base62": "0.1.1",
        "esprima-fb": "3001.1.0-dev-harmony-fb",
        "source-map": "0.1.31"
      },
      "dependencies": {
        "source-map": {
          "version": "0.1.31",
          "resolved": "https://registry.npmjs.org/source-map/-/source-map-0.1.31.tgz",
          "integrity": "sha1-n3BNDWnZ4TioG63267T94z0VHGE=",
          "requires": {
            "amdefine": "1.0.1"
          }
        }
      }
    },
    "lie": {
      "version": "3.0.2",
      "resolved": "https://registry.npmjs.org/lie/-/lie-3.0.2.tgz",
      "integrity": "sha1-/9oh17uibzd8rYZdNkmy/Izjn+o=",
      "requires": {
        "es3ify": "0.1.4",
        "immediate": "3.0.6",
        "inline-process-browser": "1.0.0",
        "unreachable-branch-transform": "0.3.0"
      }
    },
    "localforage": {
      "version": "1.5.3",
      "resolved": "https://registry.npmjs.org/localforage/-/localforage-1.5.3.tgz",
      "integrity": "sha1-aYqhavECI0CyQL6dkxkuivAi/xY=",
      "requires": {
        "lie": "3.0.2"
      }
    },
    "localforage-cordovasqlitedriver": {
      "version": "1.6.0",
      "resolved": "https://registry.npmjs.org/localforage-cordovasqlitedriver/-/localforage-cordovasqlitedriver-1.6.0.tgz",
      "integrity": "sha1-kCcMqpXusQoDl4Mf4QYRiIUwfXE=",
      "requires": {
        "localforage": "1.5.3"
      }
    },
    "minimist": {
      "version": "1.2.0",
      "resolved": "https://registry.npmjs.org/minimist/-/minimist-1.2.0.tgz",
      "integrity": "sha1-o1AIsg9BOD7sH7kU9M1d95omQoQ="
    },
    "mkdirp": {
      "version": "0.5.1",
      "resolved": "https://registry.npmjs.org/mkdirp/-/mkdirp-0.5.1.tgz",
      "integrity": "sha1-MAV0OOrGz3+MR2fzhkjWaX11yQM=",
      "requires": {
        "minimist": "0.0.8"
      },
      "dependencies": {
        "minimist": {
          "version": "0.0.8",
          "resolved": "https://registry.npmjs.org/minimist/-/minimist-0.0.8.tgz",
          "integrity": "sha1-hX/Kv8M5fSYluCKCYuhqp6ARsF0="
        }
      }
    },
    "moment": {
      "version": "2.19.2",
      "resolved": "https://registry.npmjs.org/moment/-/moment-2.19.2.tgz",
      "integrity": "sha512-Rf6jiHPEfxp9+dlzxPTmRHbvoFXsh2L/U8hOupUMpnuecHQmI6cF6lUbJl3QqKPko1u6ujO+FxtcajLVfLpAtA=="
    },
    "object-keys": {
      "version": "1.0.11",
      "resolved": "https://registry.npmjs.org/object-keys/-/object-keys-1.0.11.tgz",
      "integrity": "sha1-xUYBd4rVYPEULODgG8yotW0TQm0="
    },
    "parse5": {
      "version": "2.2.3",
      "resolved": "https://registry.npmjs.org/parse5/-/parse5-2.2.3.tgz",
      "integrity": "sha1-DE/EHBAAxea5PUiwP4CDg3g06fY="
    },
    "private": {
      "version": "0.1.8",
      "resolved": "https://registry.npmjs.org/private/-/private-0.1.8.tgz",
      "integrity": "sha512-VvivMrbvd2nKkiG38qjULzlc+4Vx4wm/whI9pQD35YrARNnhxeiRktSOhSukRLFNlzg6Br/cJPet5J/u19r/mg=="
    },
    "readable-stream": {
      "version": "1.0.34",
      "resolved": "https://registry.npmjs.org/readable-stream/-/readable-stream-1.0.34.tgz",
      "integrity": "sha1-Elgg40vIQtLyqq+v5MKRbuMsFXw=",
      "requires": {
        "core-util-is": "1.0.2",
        "inherits": "2.0.3",
        "isarray": "0.0.1",
        "string_decoder": "0.10.31"
      },
      "dependencies": {
        "string_decoder": {
          "version": "0.10.31",
          "resolved": "https://registry.npmjs.org/string_decoder/-/string_decoder-0.10.31.tgz",
          "integrity": "sha1-YuIDvEF2bGwoyfyEMB2rHFMQ+pQ="
        }
      }
    },
    "recast": {
      "version": "0.10.43",
      "resolved": "https://registry.npmjs.org/recast/-/recast-0.10.43.tgz",
      "integrity": "sha1-uV1Q9tYHYaX2JS4V2AZ4FoSRzn8=",
      "requires": {
        "ast-types": "0.8.15",
        "esprima-fb": "15001.1001.0-dev-harmony-fb",
        "private": "0.1.8",
        "source-map": "0.5.7"
      },
      "dependencies": {
        "esprima-fb": {
          "version": "15001.1001.0-dev-harmony-fb",
          "resolved": "https://registry.npmjs.org/esprima-fb/-/esprima-fb-15001.1001.0-dev-harmony-fb.tgz",
          "integrity": "sha1-Q761fsJujPI3092LM+QlM1d/Jlk="
        }
      }
    },
    "reflect-metadata": {
      "version": "0.1.10",
      "resolved": "https://registry.npmjs.org/reflect-metadata/-/reflect-metadata-0.1.10.tgz",
      "integrity": "sha1-tPg3BEFqytiZiMmxVjXUfgO5NEo="
    },
    "rev-hash": {
      "version": "2.0.0",
      "resolved": "https://registry.npmjs.org/rev-hash/-/rev-hash-2.0.0.tgz",
      "integrity": "sha1-dyCiNu0MJY3z5kvsA+wEiwW5JMQ=",
      "dev": true
    },
    "rxjs": {
      "version": "5.0.0-beta.12",
      "resolved": "https://registry.npmjs.org/rxjs/-/rxjs-5.0.0-beta.12.tgz",
      "integrity": "sha1-zf3i2MRjnSCud5S/+P3fMtp60zc=",
      "requires": {
        "symbol-observable": "1.0.4"
      }
    },
    "sax": {
      "version": "1.2.4",
      "resolved": "https://registry.npmjs.org/sax/-/sax-1.2.4.tgz",
      "integrity": "sha512-NqVDv9TpANUjFm0N8uM5GxL36UgKi9/atZw+x7YFnQ8ckwFGKrl4xX4yWtrey3UJm5nP1kUbnYgLopqWNSRhWw==",
      "dev": true
    },
    "source-map": {
      "version": "0.5.7",
      "resolved": "https://registry.npmjs.org/source-map/-/source-map-0.5.7.tgz",
      "integrity": "sha1-igOdLRAh0i0eoUyA2OpGi6LvP8w="
    },
    "source-map-support": {
      "version": "0.3.3",
      "resolved": "https://registry.npmjs.org/source-map-support/-/source-map-support-0.3.3.tgz",
      "integrity": "sha1-NJAJd9W6PwfHdX7nLnO7GptTdU8=",
      "requires": {
        "source-map": "0.1.32"
      },
      "dependencies": {
        "source-map": {
          "version": "0.1.32",
          "resolved": "https://registry.npmjs.org/source-map/-/source-map-0.1.32.tgz",
          "integrity": "sha1-yLbBZ3l7pHQKjqMyUhYv8IWRsmY=",
          "requires": {
            "amdefine": "1.0.1"
          }
        }
      }
    },
    "symbol-observable": {
      "version": "1.0.4",
      "resolved": "https://registry.npmjs.org/symbol-observable/-/symbol-observable-1.0.4.tgz",
      "integrity": "sha1-Kb9hXUqnEhvdiYsi1LP5vE4qoD0="
    },
    "through": {
      "version": "2.3.8",
      "resolved": "https://registry.npmjs.org/through/-/through-2.3.8.tgz",
      "integrity": "sha1-DdTJ/6q8NXlgsbckEV1+Doai4fU="
    },
    "through2": {
      "version": "0.6.5",
      "resolved": "https://registry.npmjs.org/through2/-/through2-0.6.5.tgz",
      "integrity": "sha1-QaucZ7KdVyCQcUEOHXp6lozTrUg=",
      "requires": {
        "readable-stream": "1.0.34",
        "xtend": "4.0.1"
      }
    },
    "tsickle": {
      "version": "0.1.7",
      "resolved": "https://registry.npmjs.org/tsickle/-/tsickle-0.1.7.tgz",
      "integrity": "sha1-v+j0zc2vmkC4SnKaOEgML4JPGKs=",
      "requires": {
        "minimist": "1.2.0",
        "mkdirp": "0.5.1",
        "source-map": "0.4.4",
        "source-map-support": "0.3.3"
      },
      "dependencies": {
        "source-map": {
          "version": "0.4.4",
          "resolved": "https://registry.npmjs.org/source-map/-/source-map-0.4.4.tgz",
          "integrity": "sha1-66T12pwNyZneaAMti092FzZSA2s=",
          "requires": {
            "amdefine": "1.0.1"
          }
        }
      }
    },
    "typescript": {
      "version": "2.0.9",
      "resolved": "https://registry.npmjs.org/typescript/-/typescript-2.0.9.tgz",
      "integrity": "sha1-tPX+zD9E1ccX87PnwzHlu7FHpT0=",
      "dev": true
    },
    "unreachable-branch-transform": {
      "version": "0.3.0",
      "resolved": "https://registry.npmjs.org/unreachable-branch-transform/-/unreachable-branch-transform-0.3.0.tgz",
      "integrity": "sha1-2ZzExudG0mSSiEW2EdtUsPNHTKo=",
      "requires": {
        "esmangle-evaluator": "1.0.1",
        "recast": "0.10.43",
        "through2": "0.6.5"
      }
    },
    "xml2js": {
      "version": "0.4.19",
      "resolved": "https://registry.npmjs.org/xml2js/-/xml2js-0.4.19.tgz",
      "integrity": "sha512-esZnJZJOiJR9wWKMyuvSE1y6Dq5LCuJanqhxslH2bxM6duahNZ+HMpCLhBQGZkbX6xRf8x1Y2eJlgt2q3qo49Q==",
      "dev": true,
      "requires": {
        "sax": "1.2.4",
        "xmlbuilder": "9.0.4"
      }
    },
    "xmlbuilder": {
      "version": "9.0.4",
      "resolved": "https://registry.npmjs.org/xmlbuilder/-/xmlbuilder-9.0.4.tgz",
      "integrity": "sha1-UZy0ymhtAFqEINNJbz8MruzKWA8=",
      "dev": true
    },
    "xtend": {
      "version": "4.0.1",
      "resolved": "https://registry.npmjs.org/xtend/-/xtend-4.0.1.tgz",
      "integrity": "sha1-pcbVMr5lbiPbgg77lDofBJmNY68="
    },
    "zone.js": {
      "version": "0.6.26",
      "resolved": "https://registry.npmjs.org/zone.js/-/zone.js-0.6.26.tgz",
      "integrity": "sha1-BnwTuLgCI6ibYuncgmgPCXYsRjY="
    }
  }
}
